
Microsoft Visual Studio Solution File, Format Version 12.00
# Visual Studio Version 16
VisualStudioVersion = 25.0.1700.0
MinimumVisualStudioVersion = 10.0.40219.1
Project("{FAE04EC0-301F-11D3-BF4B-00C04F79EFBC}") = "StopWatch", "StopWatch\StopWatch.csproj", "{68ACF1E4-BDE4-4D9B-B9D7-F006623702F4}"
EndProject
Global
	GlobalSection(SolutionConfigurationPlatforms) = preSolution
		Debug|Any CPU = Debug|Any CPU
		Release|Any CPU = Release|Any CPU
	EndGlobalSection
	GlobalSection(ProjectConfigurationPlatforms) = postSolution
		{68ACF1E4-BDE4-4D9B-B9D7-F006623702F4}.Debug|Any CPU.ActiveCfg = Debug|Any CPU
		{68ACF1E4-BDE4-4D9B-B9D7-F006623702F4}.Debug|Any CPU.Build.0 = Debug|Any CPU
		{68ACF1E4-BDE4-4D9B-B9D7-F006623702F4}.Release|Any CPU.ActiveCfg = Release|Any CPU
		{68ACF1E4-BDE4-4D9B-B9D7-F006623702F4}.Release|Any CPU.Build.0 = Release|Any CPU
	EndGlobalSection
	GlobalSection(SolutionProperties) = preSolution
		HideSolutionNode = FALSE
	EndGlobalSection
	GlobalSection(ExtensibilityGlobals) = postSolution
		SolutionGuid = {83AE0719-8DFC-4A76-B47B-D60D225D5B78}
	EndGlobalSection
EndGlobal
